
Microsoft Visual Studio Solution File, Format Version 12.00
# Visual Studio Version 17
VisualStudioVersion = 17.1.32210.238
MinimumVisualStudioVersion = 10.0.40219.1
Project("{FAE04EC0-301F-11D3-BF4B-00C04F79EFBC}") = "MovieList", "MovieList\MovieList.csproj", "{A5E24A87-151A-44A1-BFFB-A561F9C6AB13}"
EndProject
Global
	GlobalSection(SolutionConfigurationPlatforms) = preSolution
		Debug|Any CPU = Debug|Any CPU
		Release|Any CPU = Release|Any CPU
	EndGlobalSection
	GlobalSection(ProjectConfigurationPlatforms) = postSolution
		{A5E24A87-151A-44A1-BFFB-A561F9C6AB13}.Debug|Any CPU.ActiveCfg = Debug|Any CPU
		{A5E24A87-151A-44A1-BFFB-A561F9C6AB13}.Debug|Any CPU.Build.0 = Debug|Any CPU
		{A5E24A87-151A-44A1-BFFB-A561F9C6AB13}.Release|Any CPU.ActiveCfg = Release|Any CPU
		{A5E24A87-151A-44A1-BFFB-A561F9C6AB13}.Release|Any CPU.Build.0 = Release|Any CPU
	EndGlobalSection
	GlobalSection(SolutionProperties) = preSolution
		HideSolutionNode = FALSE
	EndGlobalSection
	GlobalSection(ExtensibilityGlobals) = postSolution
		SolutionGuid = {12FFC589-BAA5-413E-BE64-8C879398E519}
	EndGlobalSection
EndGlobal
